
Microsoft Visual Studio Solution File, Format Version 12.00
# Visual Studio Version 17
VisualStudioVersion = 17.0.31903.59
MinimumVisualStudioVersion = 10.0.40219.1
Project("{2150E333-8FDC-42A3-9474-1A3956D46DE8}") = "Api", "Api", "{D82C56D6-B2CD-F611-9E31-04638F7EC30E}"
EndProject
Project("{2150E333-8FDC-42A3-9474-1A3956D46DE8}") = "src", "src", "{7218997D-3624-D017-E052-9D306D24EF0B}"
EndProject
Project("{FAE04EC0-301F-11D3-BF4B-00C04F79EFBC}") = "Api", "Api\src\Api.csproj", "{C89942EB-F875-4C26-9254-9B8A2F43F33F}"
EndProject
Project("{2150E333-8FDC-42A3-9474-1A3956D46DE8}") = "Lib", "Lib", "{3A8DF596-E814-FECC-DD4B-D8EF8AAC1A0D}"
EndProject
Project("{2150E333-8FDC-42A3-9474-1A3956D46DE8}") = "src", "src", "{F6AFDE3C-89A1-AC61-E5EF-956B19ED0D99}"
EndProject
Project("{FAE04EC0-301F-11D3-BF4B-00C04F79EFBC}") = "Lib", "Lib\src\Lib.csproj", "{C502F6CC-ED20-4E99-801B-ACDF2374981D}"
EndProject
Project("{2150E333-8FDC-42A3-9474-1A3956D46DE8}") = "tests", "tests", "{39EF963E-DA63-3F68-0DEE-809F940831E8}"
EndProject
Project("{FAE04EC0-301F-11D3-BF4B-00C04F79EFBC}") = "Lib.Tests", "Lib\tests\Lib.Tests.csproj", "{BAA1744D-4DA0-4F38-A857-C7ED6C7001BD}"
EndProject
Project("{2150E333-8FDC-42A3-9474-1A3956D46DE8}") = "Data", "Data", "{015FE221-96B2-289B-A0E8-6E7354784A75}"
EndProject
Project("{2150E333-8FDC-42A3-9474-1A3956D46DE8}") = "src", "src", "{C46823FC-942A-1FCC-CF24-8E351A967A5B}"
EndProject
Project("{FAE04EC0-301F-11D3-BF4B-00C04F79EFBC}") = "Data", "Data\src\Data.csproj", "{A2C9308E-F324-4D56-919D-CFD8DB50BF8F}"
EndProject
Project("{2150E333-8FDC-42A3-9474-1A3956D46DE8}") = "tests", "tests", "{93E5E8D7-7E3C-A5D9-CA19-1448D5637F19}"
EndProject
Project("{FAE04EC0-301F-11D3-BF4B-00C04F79EFBC}") = "Data.Tests", "Data\tests\Data.Tests.csproj", "{D4CE3877-29A0-4D09-89DE-16B5534C3D1A}"
EndProject
Project("{2150E333-8FDC-42A3-9474-1A3956D46DE8}") = "App", "App", "{F95F473B-E98A-ACD6-1986-755F447BE36F}"
EndProject
Project("{2150E333-8FDC-42A3-9474-1A3956D46DE8}") = "src", "src", "{AF4CEEC4-771E-8C17-9355-F760DB50FB88}"
EndProject
Project("{FAE04EC0-301F-11D3-BF4B-00C04F79EFBC}") = "App", "App\src\App.csproj", "{C4F1E116-8073-4E3D-B85D-DE63C350BD6B}"
EndProject
Project("{2150E333-8FDC-42A3-9474-1A3956D46DE8}") = "tests", "tests", "{C7448C1F-1999-A9D7-09F5-F2CD86B98F7A}"
EndProject
Project("{FAE04EC0-301F-11D3-BF4B-00C04F79EFBC}") = "App.Tests", "App\tests\App.Tests.csproj", "{1D3D6C82-C450-41ED-AC48-F457BE45B9AE}"
EndProject
Project("{2150E333-8FDC-42A3-9474-1A3956D46DE8}") = "Providers", "Providers", "{D9007A03-FD03-1159-6598-E081D0A1BEBA}"
EndProject
Project("{2150E333-8FDC-42A3-9474-1A3956D46DE8}") = "src", "src", "{497F02AF-C73D-ECD9-446D-D948F217430B}"
EndProject
Project("{FAE04EC0-301F-11D3-BF4B-00C04F79EFBC}") = "Providers", "Providers\src\Providers.csproj", "{229F8BE6-DBB5-4006-BE6B-8C8A293A30A0}"
EndProject
Project("{2150E333-8FDC-42A3-9474-1A3956D46DE8}") = "tests", "tests", "{2CE25A9D-4C46-4A3D-C28B-99DDAAB097D4}"
EndProject
Project("{FAE04EC0-301F-11D3-BF4B-00C04F79EFBC}") = "Providers.Tests", "Providers\tests\Providers.Tests.csproj", "{4F3A0B16-0DA3-43F5-9819-2A8848F859B7}"
EndProject
Global
	GlobalSection(SolutionConfigurationPlatforms) = preSolution
		Debug|Any CPU = Debug|Any CPU
		Debug|x64 = Debug|x64
		Debug|x86 = Debug|x86
		Release|Any CPU = Release|Any CPU
		Release|x64 = Release|x64
		Release|x86 = Release|x86
	EndGlobalSection
	GlobalSection(ProjectConfigurationPlatforms) = postSolution
		{C89942EB-F875-4C26-9254-9B8A2F43F33F}.Debug|Any CPU.ActiveCfg = Debug|Any CPU
		{C89942EB-F875-4C26-9254-9B8A2F43F33F}.Debug|Any CPU.Build.0 = Debug|Any CPU
		{C89942EB-F875-4C26-9254-9B8A2F43F33F}.Debug|x64.ActiveCfg = Debug|Any CPU
		{C89942EB-F875-4C26-9254-9B8A2F43F33F}.Debug|x64.Build.0 = Debug|Any CPU
		{C89942EB-F875-4C26-9254-9B8A2F43F33F}.Debug|x86.ActiveCfg = Debug|Any CPU
		{C89942EB-F875-4C26-9254-9B8A2F43F33F}.Debug|x86.Build.0 = Debug|Any CPU
		{C89942EB-F875-4C26-9254-9B8A2F43F33F}.Release|Any CPU.ActiveCfg = Release|Any CPU
		{C89942EB-F875-4C26-9254-9B8A2F43F33F}.Release|Any CPU.Build.0 = Release|Any CPU
		{C89942EB-F875-4C26-9254-9B8A2F43F33F}.Release|x64.ActiveCfg = Release|Any CPU
		{C89942EB-F875-4C26-9254-9B8A2F43F33F}.Release|x64.Build.0 = Release|Any CPU
		{C89942EB-F875-4C26-9254-9B8A2F43F33F}.Release|x86.ActiveCfg = Release|Any CPU
		{C89942EB-F875-4C26-9254-9B8A2F43F33F}.Release|x86.Build.0 = Release|Any CPU
		{C502F6CC-ED20-4E99-801B-ACDF2374981D}.Debug|Any CPU.ActiveCfg = Debug|Any CPU
		{C502F6CC-ED20-4E99-801B-ACDF2374981D}.Debug|Any CPU.Build.0 = Debug|Any CPU
		{C502F6CC-ED20-4E99-801B-ACDF2374981D}.Debug|x64.ActiveCfg = Debug|Any CPU
		{C502F6CC-ED20-4E99-801B-ACDF2374981D}.Debug|x64.Build.0 = Debug|Any CPU
		{C502F6CC-ED20-4E99-801B-ACDF2374981D}.Debug|x86.ActiveCfg = Debug|Any CPU
		{C502F6CC-ED20-4E99-801B-ACDF2374981D}.Debug|x86.Build.0 = Debug|Any CPU
		{C502F6CC-ED20-4E99-801B-ACDF2374981D}.Release|Any CPU.ActiveCfg = Release|Any CPU
		{C502F6CC-ED20-4E99-801B-ACDF2374981D}.Release|Any CPU.Build.0 = Release|Any CPU
		{C502F6CC-ED20-4E99-801B-ACDF2374981D}.Release|x64.ActiveCfg = Release|Any CPU
		{C502F6CC-ED20-4E99-801B-ACDF2374981D}.Release|x64.Build.0 = Release|Any CPU
		{C502F6CC-ED20-4E99-801B-ACDF2374981D}.Release|x86.ActiveCfg = Release|Any CPU
		{C502F6CC-ED20-4E99-801B-ACDF2374981D}.Release|x86.Build.0 = Release|Any CPU
		{BAA1744D-4DA0-4F38-A857-C7ED6C7001BD}.Debug|Any CPU.ActiveCfg = Debug|Any CPU
		{BAA1744D-4DA0-4F38-A857-C7ED6C7001BD}.Debug|Any CPU.Build.0 = Debug|Any CPU
		{BAA1744D-4DA0-4F38-A857-C7ED6C7001BD}.Debug|x64.ActiveCfg = Debug|Any CPU
		{BAA1744D-4DA0-4F38-A857-C7ED6C7001BD}.Debug|x64.Build.0 = Debug|Any CPU
		{BAA1744D-4DA0-4F38-A857-C7ED6C7001BD}.Debug|x86.ActiveCfg = Debug|Any CPU
		{BAA1744D-4DA0-4F38-A857-C7ED6C7001BD}.Debug|x86.Build.0 = Debug|Any CPU
		{BAA1744D-4DA0-4F38-A857-C7ED6C7001BD}.Release|Any CPU.ActiveCfg = Release|Any CPU
		{BAA1744D-4DA0-4F38-A857-C7ED6C7001BD}.Release|Any CPU.Build.0 = Release|Any CPU
		{BAA1744D-4DA0-4F38-A857-C7ED6C7001BD}.Release|x64.ActiveCfg = Release|Any CPU
		{BAA1744D-4DA0-4F38-A857-C7ED6C7001BD}.Release|x64.Build.0 = Release|Any CPU
		{BAA1744D-4DA0-4F38-A857-C7ED6C7001BD}.Release|x86.ActiveCfg = Release|Any CPU
		{BAA1744D-4DA0-4F38-A857-C7ED6C7001BD}.Release|x86.Build.0 = Release|Any CPU
		{A2C9308E-F324-4D56-919D-CFD8DB50BF8F}.Debug|Any CPU.ActiveCfg = Debug|Any CPU
		{A2C9308E-F324-4D56-919D-CFD8DB50BF8F}.Debug|Any CPU.Build.0 = Debug|Any CPU
		{A2C9308E-F324-4D56-919D-CFD8DB50BF8F}.Debug|x64.ActiveCfg = Debug|Any CPU
		{A2C9308E-F324-4D56-919D-CFD8DB50BF8F}.Debug|x64.Build.0 = Debug|Any CPU
		{A2C9308E-F324-4D56-919D-CFD8DB50BF8F}.Debug|x86.ActiveCfg = Debug|Any CPU
		{A2C9308E-F324-4D56-919D-CFD8DB50BF8F}.Debug|x86.Build.0 = Debug|Any CPU
		{A2C9308E-F324-4D56-919D-CFD8DB50BF8F}.Release|Any CPU.ActiveCfg = Release|Any CPU
		{A2C9308E-F324-4D56-919D-CFD8DB50BF8F}.Release|Any CPU.Build.0 = Release|Any CPU
		{A2C9308E-F324-4D56-919D-CFD8DB50BF8F}.Release|x64.ActiveCfg = Release|Any CPU
		{A2C9308E-F324-4D56-919D-CFD8DB50BF8F}.Release|x64.Build.0 = Release|Any CPU
		{A2C9308E-F324-4D56-919D-CFD8DB50BF8F}.Release|x86.ActiveCfg = Release|Any CPU
		{A2C9308E-F324-4D56-919D-CFD8DB50BF8F}.Release|x86.Build.0 = Release|Any CPU
		{D4CE3877-29A0-4D09-89DE-16B5534C3D1A}.Debug|Any CPU.ActiveCfg = Debug|Any CPU
		{D4CE3877-29A0-4D09-89DE-16B5534C3D1A}.Debug|Any CPU.Build.0 = Debug|Any CPU
		{D4CE3877-29A0-4D09-89DE-16B5534C3D1A}.Debug|x64.ActiveCfg = Debug|Any CPU
		{D4CE3877-29A0-4D09-89DE-16B5534C3D1A}.Debug|x64.Build.0 = Debug|Any CPU
		{D4CE3877-29A0-4D09-89DE-16B5534C3D1A}.Debug|x86.ActiveCfg = Debug|Any CPU
		{D4CE3877-29A0-4D09-89DE-16B5534C3D1A}.Debug|x86.Build.0 = Debug|Any CPU
		{D4CE3877-29A0-4D09-89DE-16B5534C3D1A}.Release|Any CPU.ActiveCfg = Release|Any CPU
		{D4CE3877-29A0-4D09-89DE-16B5534C3D1A}.Release|Any CPU.Build.0 = Release|Any CPU
		{D4CE3877-29A0-4D09-89DE-16B5534C3D1A}.Release|x64.ActiveCfg = Release|Any CPU
		{D4CE3877-29A0-4D09-89DE-16B5534C3D1A}.Release|x64.Build.0 = Release|Any CPU
		{D4CE3877-29A0-4D09-89DE-16B5534C3D1A}.Release|x86.ActiveCfg = Release|Any CPU
		{D4CE3877-29A0-4D09-89DE-16B5534C3D1A}.Release|x86.Build.0 = Release|Any CPU
		{C4F1E116-8073-4E3D-B85D-DE63C350BD6B}.Debug|Any CPU.ActiveCfg = Debug|Any CPU
		{C4F1E116-8073-4E3D-B85D-DE63C350BD6B}.Debug|Any CPU.Build.0 = Debug|Any CPU
		{C4F1E116-8073-4E3D-B85D-DE63C350BD6B}.Debug|x64.ActiveCfg = Debug|Any CPU
		{C4F1E116-8073-4E3D-B85D-DE63C350BD6B}.Debug|x64.Build.0 = Debug|Any CPU
		{C4F1E116-8073-4E3D-B85D-DE63C350BD6B}.Debug|x86.ActiveCfg = Debug|Any CPU
		{C4F1E116-8073-4E3D-B85D-DE63C350BD6B}.Debug|x86.Build.0 = Debug|Any CPU
		{C4F1E116-8073-4E3D-B85D-DE63C350BD6B}.Release|Any CPU.ActiveCfg = Release|Any CPU
		{C4F1E116-8073-4E3D-B85D-DE63C350BD6B}.Release|Any CPU.Build.0 = Release|Any CPU
		{C4F1E116-8073-4E3D-B85D-DE63C350BD6B}.Release|x64.ActiveCfg = Release|Any CPU
		{C4F1E116-8073-4E3D-B85D-DE63C350BD6B}.Release|x64.Build.0 = Release|Any CPU
		{C4F1E116-8073-4E3D-B85D-DE63C350BD6B}.Release|x86.ActiveCfg = Release|Any CPU
		{C4F1E116-8073-4E3D-B85D-DE63C350BD6B}.Release|x86.Build.0 = Release|Any CPU
		{1D3D6C82-C450-41ED-AC48-F457BE45B9AE}.Debug|Any CPU.ActiveCfg = Debug|Any CPU
		{1D3D6C82-C450-41ED-AC48-F457BE45B9AE}.Debug|Any CPU.Build.0 = Debug|Any CPU
		{1D3D6C82-C450-41ED-AC48-F457BE45B9AE}.Debug|x64.ActiveCfg = Debug|Any CPU
		{1D3D6C82-C450-41ED-AC48-F457BE45B9AE}.Debug|x64.Build.0 = Debug|Any CPU
		{1D3D6C82-C450-41ED-AC48-F457BE45B9AE}.Debug|x86.ActiveCfg = Debug|Any CPU
		{1D3D6C82-C450-41ED-AC48-F457BE45B9AE}.Debug|x86.Build.0 = Debug|Any CPU
		{1D3D6C82-C450-41ED-AC48-F457BE45B9AE}.Release|Any CPU.ActiveCfg = Release|Any CPU
		{1D3D6C82-C450-41ED-AC48-F457BE45B9AE}.Release|Any CPU.Build.0 = Release|Any CPU
		{1D3D6C82-C450-41ED-AC48-F457BE45B9AE}.Release|x64.ActiveCfg = Release|Any CPU
		{1D3D6C82-C450-41ED-AC48-F457BE45B9AE}.Release|x64.Build.0 = Release|Any CPU
		{1D3D6C82-C450-41ED-AC48-F457BE45B9AE}.Release|x86.ActiveCfg = Release|Any CPU
		{1D3D6C82-C450-41ED-AC48-F457BE45B9AE}.Release|x86.Build.0 = Release|Any CPU
		{229F8BE6-DBB5-4006-BE6B-8C8A293A30A0}.Debug|Any CPU.ActiveCfg = Debug|Any CPU
		{229F8BE6-DBB5-4006-BE6B-8C8A293A30A0}.Debug|Any CPU.Build.0 = Debug|Any CPU
		{229F8BE6-DBB5-4006-BE6B-8C8A293A30A0}.Debug|x64.ActiveCfg = Debug|Any CPU
		{229F8BE6-DBB5-4006-BE6B-8C8A293A30A0}.Debug|x64.Build.0 = Debug|Any CPU
		{229F8BE6-DBB5-4006-BE6B-8C8A293A30A0}.Debug|x86.ActiveCfg = Debug|Any CPU
		{229F8BE6-DBB5-4006-BE6B-8C8A293A30A0}.Debug|x86.Build.0 = Debug|Any CPU
		{229F8BE6-DBB5-4006-BE6B-8C8A293A30A0}.Release|Any CPU.ActiveCfg = Release|Any CPU
		{229F8BE6-DBB5-4006-BE6B-8C8A293A30A0}.Release|Any CPU.Build.0 = Release|Any CPU
		{229F8BE6-DBB5-4006-BE6B-8C8A293A30A0}.Release|x64.ActiveCfg = Release|Any CPU
		{229F8BE6-DBB5-4006-BE6B-8C8A293A30A0}.Release|x64.Build.0 = Release|Any CPU
		{229F8BE6-DBB5-4006-BE6B-8C8A293A30A0}.Release|x86.ActiveCfg = Release|Any CPU
		{229F8BE6-DBB5-4006-BE6B-8C8A293A30A0}.Release|x86.Build.0 = Release|Any CPU
		{4F3A0B16-0DA3-43F5-9819-2A8848F859B7}.Debug|Any CPU.ActiveCfg = Debug|Any CPU
		{4F3A0B16-0DA3-43F5-9819-2A8848F859B7}.Debug|Any CPU.Build.0 = Debug|Any CPU
		{4F3A0B16-0DA3-43F5-9819-2A8848F859B7}.Debug|x64.ActiveCfg = Debug|Any CPU
		{4F3A0B16-0DA3-43F5-9819-2A8848F859B7}.Debug|x64.Build.0 = Debug|Any CPU
		{4F3A0B16-0DA3-43F5-9819-2A8848F859B7}.Debug|x86.ActiveCfg = Debug|Any CPU
		{4F3A0B16-0DA3-43F5-9819-2A8848F859B7}.Debug|x86.Build.0 = Debug|Any CPU
		{4F3A0B16-0DA3-43F5-9819-2A8848F859B7}.Release|Any CPU.ActiveCfg = Release|Any CPU
		{4F3A0B16-0DA3-43F5-9819-2A8848F859B7}.Release|Any CPU.Build.0 = Release|Any CPU
		{4F3A0B16-0DA3-43F5-9819-2A8848F859B7}.Release|x64.ActiveCfg = Release|Any CPU
		{4F3A0B16-0DA3-43F5-9819-2A8848F859B7}.Release|x64.Build.0 = Release|Any CPU
		{4F3A0B16-0DA3-43F5-9819-2A8848F859B7}.Release|x86.ActiveCfg = Release|Any CPU
		{4F3A0B16-0DA3-43F5-9819-2A8848F859B7}.Release|x86.Build.0 = Release|Any CPU
	EndGlobalSection
	GlobalSection(SolutionProperties) = preSolution
		HideSolutionNode = FALSE
	EndGlobalSection
	GlobalSection(NestedProjects) = preSolution
		{7218997D-3624-D017-E052-9D306D24EF0B} = {D82C56D6-B2CD-F611-9E31-04638F7EC30E}
		{C89942EB-F875-4C26-9254-9B8A2F43F33F} = {7218997D-3624-D017-E052-9D306D24EF0B}
		{F6AFDE3C-89A1-AC61-E5EF-956B19ED0D99} = {3A8DF596-E814-FECC-DD4B-D8EF8AAC1A0D}
		{C502F6CC-ED20-4E99-801B-ACDF2374981D} = {F6AFDE3C-89A1-AC61-E5EF-956B19ED0D99}
		{39EF963E-DA63-3F68-0DEE-809F940831E8} = {3A8DF596-E814-FECC-DD4B-D8EF8AAC1A0D}
		{BAA1744D-4DA0-4F38-A857-C7ED6C7001BD} = {39EF963E-DA63-3F68-0DEE-809F940831E8}
		{C46823FC-942A-1FCC-CF24-8E351A967A5B} = {015FE221-96B2-289B-A0E8-6E7354784A75}
		{A2C9308E-F324-4D56-919D-CFD8DB50BF8F} = {C46823FC-942A-1FCC-CF24-8E351A967A5B}
		{93E5E8D7-7E3C-A5D9-CA19-1448D5637F19} = {015FE221-96B2-289B-A0E8-6E7354784A75}
		{D4CE3877-29A0-4D09-89DE-16B5534C3D1A} = {93E5E8D7-7E3C-A5D9-CA19-1448D5637F19}
		{AF4CEEC4-771E-8C17-9355-F760DB50FB88} = {F95F473B-E98A-ACD6-1986-755F447BE36F}
		{C4F1E116-8073-4E3D-B85D-DE63C350BD6B} = {AF4CEEC4-771E-8C17-9355-F760DB50FB88}
		{C7448C1F-1999-A9D7-09F5-F2CD86B98F7A} = {F95F473B-E98A-ACD6-1986-755F447BE36F}
		{1D3D6C82-C450-41ED-AC48-F457BE45B9AE} = {C7448C1F-1999-A9D7-09F5-F2CD86B98F7A}
		{497F02AF-C73D-ECD9-446D-D948F217430B} = {D9007A03-FD03-1159-6598-E081D0A1BEBA}
		{229F8BE6-DBB5-4006-BE6B-8C8A293A30A0} = {497F02AF-C73D-ECD9-446D-D948F217430B}
		{2CE25A9D-4C46-4A3D-C28B-99DDAAB097D4} = {D9007A03-FD03-1159-6598-E081D0A1BEBA}
		{4F3A0B16-0DA3-43F5-9819-2A8848F859B7} = {2CE25A9D-4C46-4A3D-C28B-99DDAAB097D4}
	EndGlobalSection
EndGlobal
